<Solution>
    <Folder Name="/.Solution/">
        <File Path=".github\workflows\build.yml" />
        <File Path=".github\workflows\sync-skills.yml" />
        <File Path="CLAUDE.md" />
        <File Path="Directory.Build.props" />
        <File Path="Directory.Packages.props" />
        <File Path="global.json" />
        <File Path="nuget.config" />
        <File Path="nuget.png" />
        <File Path="nuget.txt" />
        <File Path="readme.md" />
        <File Path="version.json" />
    </Folder>
    <Folder Name="/samples/">
        <Project Path="samples/Sample.Blazor/Sample.Blazor.csproj" />
        <Project Path="samples/Sample.App/Sample.App.csproj" />
        <Project Path="samples/Sample.Maui/Sample.Maui.csproj" />
        <Project Path="samples/Sample.MacOS/Sample.MacOS.csproj" />
        <Project Path="samples/Sample.Linux/Sample.Linux.csproj" />
        <Project Path="samples/Sample.ReleaseServer/Sample.ReleaseServer.csproj" />
    </Folder>
    <Folder Name="/tests/">
        <Project Path="tests/Shiny.AppDeviceBridge.Tests/Shiny.AppDeviceBridge.Tests.csproj" />
    </Folder>
    <Folder Name="/tools/">
        <Project Path="tools/Shiny.AppDeviceBridge.TypeScript/Shiny.AppDeviceBridge.TypeScript.csproj" />
    </Folder>
    <Project Path="src/Shiny.AppDeviceBridge.AspNetCore/Shiny.AppDeviceBridge.AspNetCore.csproj" />
    <Project Path="src/Shiny.AppDeviceBridge.Camera/Shiny.AppDeviceBridge.Camera.csproj" />
    <Project Path="src/Shiny.AppDeviceBridge.Camera.Client/Shiny.AppDeviceBridge.Camera.Client.csproj" />
    <Project Path="src/Shiny.AppDeviceBridge.Tunnel/Shiny.AppDeviceBridge.Tunnel.csproj" />
    <Project Path="src/Shiny.AppDeviceBridge.AppSupport/Shiny.AppDeviceBridge.AppSupport.csproj" />
    <Project Path="src/Shiny.AppDeviceBridge.BluetoothLE/Shiny.AppDeviceBridge.BluetoothLE.csproj" />
    <Project Path="src/Shiny.AppDeviceBridge.Jobs/Shiny.AppDeviceBridge.Jobs.csproj" />
    <Project Path="src/Shiny.AppDeviceBridge.Wifi/Shiny.AppDeviceBridge.Wifi.csproj" />
    <Project Path="src/Shiny.AppDeviceBridge.Discovery/Shiny.AppDeviceBridge.Discovery.csproj" />
    <Project Path="src/Shiny.AppDeviceBridge.Push/Shiny.AppDeviceBridge.Push.csproj" />
    <Project Path="src/Shiny.AppDeviceBridge.Locations/Shiny.AppDeviceBridge.Locations.csproj" />
    <Project Path="src/Shiny.AppDeviceBridge.AppLinks/Shiny.AppDeviceBridge.AppLinks.csproj" />
    <Project Path="src/Shiny.AppDeviceBridge.Calendar/Shiny.AppDeviceBridge.Calendar.csproj" />
    <Project Path="src/Shiny.AppDeviceBridge.Folders/Shiny.AppDeviceBridge.Folders.csproj" />
    <Project Path="src/Shiny.AppDeviceBridge.Photos/Shiny.AppDeviceBridge.Photos.csproj" />
    <Project Path="src/Shiny.AppDeviceBridge.Contacts/Shiny.AppDeviceBridge.Contacts.csproj" />
    <Project Path="src/Shiny.AppDeviceBridge.Health/Shiny.AppDeviceBridge.Health.csproj" />
    <Project Path="src/Shiny.AppDeviceBridge.HttpTransfers/Shiny.AppDeviceBridge.HttpTransfers.csproj" />
    <Project Path="src/Shiny.AppDeviceBridge.Notifications/Shiny.AppDeviceBridge.Notifications.csproj" />
    <Project Path="src/Shiny.AppDeviceBridge.Obd/Shiny.AppDeviceBridge.Obd.csproj" />
    <Project Path="src/Shiny.AppDeviceBridge.Speech/Shiny.AppDeviceBridge.Speech.csproj" />
    <Project Path="src/Shiny.AppDeviceBridge.Desktop/Shiny.AppDeviceBridge.Desktop.csproj" />
    <Project Path="src/Shiny.AppDeviceBridge.Core/Shiny.AppDeviceBridge.Core.csproj" />
    <Project Path="src/Shiny.AppDeviceBridge.Maui/Shiny.AppDeviceBridge.Maui.csproj" />
    <Project Path="src/Shiny.AppDeviceBridge.WebView/Shiny.AppDeviceBridge.WebView.csproj" />
    <Project Path="src/Shiny.AppDeviceBridge.RpiCamera/Shiny.AppDeviceBridge.RpiCamera.csproj" />
    <Project Path="src/Shiny.AppDeviceBridge.RpiCamera.Client/Shiny.AppDeviceBridge.RpiCamera.Client.csproj" />
    <Project Path="src/Shiny.AppDeviceBridge.Blazor/Shiny.AppDeviceBridge.Blazor.csproj" />
    <Project Path="src/Shiny.AppDeviceBridge/Shiny.AppDeviceBridge.csproj" />
    <Project Path="src/Shiny.AppDeviceBridge.Client/Shiny.AppDeviceBridge.Client.csproj" />
    <Project Path="src/Shiny.AppDeviceBridge.Client.SourceGenerators/Shiny.AppDeviceBridge.Client.SourceGenerators.csproj" />
    <Project Path="src/Shiny.AppDeviceBridge.Calendar.Client/Shiny.AppDeviceBridge.Calendar.Client.csproj" />
    <Project Path="src/Shiny.AppDeviceBridge.Photos.Client/Shiny.AppDeviceBridge.Photos.Client.csproj" />
    <Project Path="src/Shiny.AppDeviceBridge.Folders.Client/Shiny.AppDeviceBridge.Folders.Client.csproj" />
    <Project Path="src/Shiny.AppDeviceBridge.Obd.Client/Shiny.AppDeviceBridge.Obd.Client.csproj" />
    <Project Path="src/Shiny.AppDeviceBridge.Notifications.Client/Shiny.AppDeviceBridge.Notifications.Client.csproj" />
    <Project Path="src/Shiny.AppDeviceBridge.Desktop.Client/Shiny.AppDeviceBridge.Desktop.Client.csproj" />
    <Project Path="src/Shiny.AppDeviceBridge.AppSupport.Client/Shiny.AppDeviceBridge.AppSupport.Client.csproj" />
    <Project Path="src/Shiny.AppDeviceBridge.Discovery.Client/Shiny.AppDeviceBridge.Discovery.Client.csproj" />
    <Project Path="src/Shiny.AppDeviceBridge.HttpTransfers.Client/Shiny.AppDeviceBridge.HttpTransfers.Client.csproj" />
    <Project Path="src/Shiny.AppDeviceBridge.Locations.Client/Shiny.AppDeviceBridge.Locations.Client.csproj" />
    <Project Path="src/Shiny.AppDeviceBridge.Speech.Client/Shiny.AppDeviceBridge.Speech.Client.csproj" />
    <Project Path="src/Shiny.AppDeviceBridge.Health.Client/Shiny.AppDeviceBridge.Health.Client.csproj" />
    <Project Path="src/Shiny.AppDeviceBridge.BluetoothLE.Client/Shiny.AppDeviceBridge.BluetoothLE.Client.csproj" />
    <Project Path="src/Shiny.AppDeviceBridge.Contacts.Client/Shiny.AppDeviceBridge.Contacts.Client.csproj" />
    <Project Path="src/Shiny.AppDeviceBridge.Wifi.Client/Shiny.AppDeviceBridge.Wifi.Client.csproj" />
    <Project Path="src/Shiny.AppDeviceBridge.Push.Client/Shiny.AppDeviceBridge.Push.Client.csproj" />
</Solution>
